
Microsoft Visual Studio Solution File, Format Version 12.00
# Visual Studio 15
VisualStudioVersion = 15.0.28010.2048
MinimumVisualStudioVersion = 10.0.40219.1
Project("{FAE04EC0-301F-11D3-BF4B-00C04F79EFBC}") = "WebApplication7", "WebApplication7\WebApplication7.csproj", "{3011A51A-F740-4D8D-A689-04A346FD471E}"
EndProject
Global
	GlobalSection(SolutionConfigurationPlatforms) = preSolution
		Debug|Any CPU = Debug|Any CPU
		Release|Any CPU = Release|Any CPU
	EndGlobalSection
	GlobalSection(ProjectConfigurationPlatforms) = postSolution
		{3011A51A-F740-4D8D-A689-04A346FD471E}.Debug|Any CPU.ActiveCfg = Debug|Any CPU
		{3011A51A-F740-4D8D-A689-04A346FD471E}.Debug|Any CPU.Build.0 = Debug|Any CPU
		{3011A51A-F740-4D8D-A689-04A346FD471E}.Release|Any CPU.ActiveCfg = Release|Any CPU
		{3011A51A-F740-4D8D-A689-04A346FD471E}.Release|Any CPU.Build.0 = Release|Any CPU
	EndGlobalSection
	GlobalSection(SolutionProperties) = preSolution
		HideSolutionNode = FALSE
	EndGlobalSection
	GlobalSection(ExtensibilityGlobals) = postSolution
		SolutionGuid = {A6CF76C8-D2FB-443B-89CB-07B99889D1A9}
	EndGlobalSection
EndGlobal
